
Microsoft Visual Studio Solution File, Format Version 12.00
# Visual Studio Version 17
VisualStudioVersion = 17.9.34723.18
MinimumVisualStudioVersion = 10.0.40219.1
Project("{FAE04EC0-301F-11D3-BF4B-00C04F79EFBC}") = "PatternShellExtension", "PatternShellExtension\PatternShellExtension.csproj", "{3C36DDB8-DFD9-4032-8B63-1104C52ED4DF}"
EndProject
Global
	GlobalSection(SolutionConfigurationPlatforms) = preSolution
		Debug|Any CPU = Debug|Any CPU
		Release|Any CPU = Release|Any CPU
	EndGlobalSection
	GlobalSection(ProjectConfigurationPlatforms) = postSolution
		{3C36DDB8-DFD9-4032-8B63-1104C52ED4DF}.Debug|Any CPU.ActiveCfg = Debug|Any CPU
		{3C36DDB8-DFD9-4032-8B63-1104C52ED4DF}.Debug|Any CPU.Build.0 = Debug|Any CPU
		{3C36DDB8-DFD9-4032-8B63-1104C52ED4DF}.Release|Any CPU.ActiveCfg = Release|Any CPU
		{3C36DDB8-DFD9-4032-8B63-1104C52ED4DF}.Release|Any CPU.Build.0 = Release|Any CPU
	EndGlobalSection
	GlobalSection(SolutionProperties) = preSolution
		HideSolutionNode = FALSE
	EndGlobalSection
	GlobalSection(ExtensibilityGlobals) = postSolution
		SolutionGuid = {ED33BF20-4F4D-4314-BC79-84157E226D0B}
	EndGlobalSection
EndGlobal
